// !$*UTF8*$!
{
	archiveVersion = 1;
	classes = {
	};
	objectVersion = 46;
	objects = {

/* Begin PBXBuildFile section */
		286D566A1B454774001D8905 /* main.m in Sources */ = {isa = PBXBuildFile; fileRef = 286D56691B454774001D8905 /* main.m */; };
		286D566D1B454774001D8905 /* AppDelegate.m in Sources */ = {isa = PBXBuildFile; fileRef = 286D566C1B454774001D8905 /* AppDelegate.m */; };
		286D56701B454774001D8905 /* SportEvents.xcdatamodeld in Sources */ = {isa = PBXBuildFile; fileRef = 286D566E1B454774001D8905 /* SportEvents.xcdatamodeld */; };
		286D56731B454774001D8905 /* ViewController.m in Sources */ = {isa = PBXBuildFile; fileRef = 286D56721B454774001D8905 /* ViewController.m */; };
		286D56761B454774001D8905 /* Main.storyboard in Resources */ = {isa = PBXBuildFile; fileRef = 286D56741B454774001D8905 /* Main.storyboard */; };
		286D56781B454774001D8905 /* Images.xcassets in Resources */ = {isa = PBXBuildFile; fileRef = 286D56771B454774001D8905 /* Images.xcassets */; };
		286D567B1B454774001D8905 /* LaunchScreen.xib in Resources */ = {isa = PBXBuildFile; fileRef = 286D56791B454774001D8905 /* LaunchScreen.xib */; };
		286D56871B454775001D8905 /* SportEventsTests.m in Sources */ = {isa = PBXBuildFile; fileRef = 286D56861B454775001D8905 /* SportEventsTests.m */; };
		288F4C481B495E0C009E17A6 /* LeagueViewController.m in Sources */ = {isa = PBXBuildFile; fileRef = 288F4C471B495E0C009E17A6 /* LeagueViewController.m */; };
		288F4C4E1B495E4D009E17A6 /* LeagueCell.m in Sources */ = {isa = PBXBuildFile; fileRef = 288F4C4D1B495E4D009E17A6 /* LeagueCell.m */; };
		2891156A1B45BA07000F0954 /* TFHpple.m in Sources */ = {isa = PBXBuildFile; fileRef = 289115651B45BA07000F0954 /* TFHpple.m */; };
		2891156B1B45BA07000F0954 /* TFHppleElement.m in Sources */ = {isa = PBXBuildFile; fileRef = 289115671B45BA07000F0954 /* TFHppleElement.m */; };
		2891156C1B45BA07000F0954 /* XPathQuery.m in Sources */ = {isa = PBXBuildFile; fileRef = 289115691B45BA07000F0954 /* XPathQuery.m */; };
		2891156E1B45BA23000F0954 /* libxml2.dylib in Frameworks */ = {isa = PBXBuildFile; fileRef = 2891156D1B45BA23000F0954 /* libxml2.dylib */; };
		289115751B46EA32000F0954 /* WorkWithData.m in Sources */ = {isa = PBXBuildFile; fileRef = 289115741B46EA32000F0954 /* WorkWithData.m */; };
		28BD0C771B4DA30A009B44DE /* HeaderLeague.m in Sources */ = {isa = PBXBuildFile; fileRef = 28BD0C761B4DA30A009B44DE /* HeaderLeague.m */; };
		28BD0C7A1B4DAB43009B44DE /* concacaf.png in Resources */ = {isa = PBXBuildFile; fileRef = 28BD0C791B4DAB43009B44DE /* concacaf.png */; };
		28CF43ED1B56BC9300E0AE93 /* ucl.png in Resources */ = {isa = PBXBuildFile; fileRef = 28CF43EC1B56BC9300E0AE93 /* ucl.png */; };
		28CF43F11B56BD4F00E0AE93 /* brazil2.png in Resources */ = {isa = PBXBuildFile; fileRef = 28CF43EE1B56BD4F00E0AE93 /* brazil2.png */; };
		28CF43F21B56BD4F00E0AE93 /* japan.png in Resources */ = {isa = PBXBuildFile; fileRef = 28CF43EF1B56BD4F00E0AE93 /* japan.png */; };
		28CF43F31B56BD4F00E0AE93 /* libertad.png in Resources */ = {isa = PBXBuildFile; fileRef = 28CF43F01B56BD4F00E0AE93 /* libertad.png */; };
		28CF43F81B56C2B800E0AE93 /* china.png in Resources */ = {isa = PBXBuildFile; fileRef = 28CF43F41B56C2B800E0AE93 /* china.png */; };
		28CF43F91B56C2B800E0AE93 /* egypt.png in Resources */ = {isa = PBXBuildFile; fileRef = 28CF43F51B56C2B800E0AE93 /* egypt.png */; };
		28CF43FB1B56C2B800E0AE93 /* thailand.jpg in Resources */ = {isa = PBXBuildFile; fileRef = 28CF43F71B56C2B800E0AE93 /* thailand.jpg */; };
		28CF43FF1B56C44500E0AE93 /* 1div.png in Resources */ = {isa = PBXBuildFile; fileRef = 28CF43FE1B56C44500E0AE93 /* 1div.png */; };
		28CF44011B56C8A100E0AE93 /* ruscup.png in Resources */ = {isa = PBXBuildFile; fileRef = 28CF44001B56C8A100E0AE93 /* ruscup.png */; };
		28CF44031B56C95100E0AE93 /* peru.png in Resources */ = {isa = PBXBuildFile; fileRef = 28CF44021B56C95100E0AE93 /* peru.png */; };
/* End PBXBuildFile section */

/* Begin PBXContainerItemProxy section */
		286D56811B454775001D8905 /* PBXContainerItemProxy */ = {
			isa = PBXContainerItemProxy;
			containerPortal = 286D565C1B454774001D8905 /* Project object */;
			proxyType = 1;
			remoteGlobalIDString = 286D56631B454774001D8905;
			remoteInfo = SportEvents;
		};
/* End PBXContainerItemProxy section */

/* Begin PBXFileReference section */
		286D56641B454774001D8905 /* SportEvents.app */ = {isa = PBXFileReference; explicitFileType = wrapper.application; includeInIndex = 0; path = SportEvents.app; sourceTree = BUILT_PRODUCTS_DIR; };
		286D56681B454774001D8905 /* Info.plist */ = {isa = PBXFileReference; lastKnownFileType = text.plist.xml; path = Info.plist; sourceTree = "<group>"; };
		286D56691B454774001D8905 /* main.m */ = {isa = PBXFileReference; lastKnownFileType = sourcecode.c.objc; path = main.m; sourceTree = "<group>"; };
		286D566B1B454774001D8905 /* AppDelegate.h */ = {isa = PBXFileReference; lastKnownFileType = sourcecode.c.h; path = AppDelegate.h; sourceTree = "<group>"; };
		286D566C1B454774001D8905 /* AppDelegate.m */ = {isa = PBXFileReference; lastKnownFileType = sourcecode.c.objc; path = AppDelegate.m; sourceTree = "<group>"; };
		286D566F1B454774001D8905 /* SportEvents.xcdatamodel */ = {isa = PBXFileReference; lastKnownFileType = wrapper.xcdatamodel; path = SportEvents.xcdatamodel; sourceTree = "<group>"; };
		286D56711B454774001D8905 /* ViewController.h */ = {isa = PBXFileReference; lastKnownFileType = sourcecode.c.h; path = ViewController.h; sourceTree = "<group>"; };
		286D56721B454774001D8905 /* ViewController.m */ = {isa = PBXFileReference; lastKnownFileType = sourcecode.c.objc; path = ViewController.m; sourceTree = "<group>"; };
		286D56751B454774001D8905 /* Base */ = {isa = PBXFileReference; lastKnownFileType = file.storyboard; name = Base; path = Base.lproj/Main.storyboard; sourceTree = "<group>"; };
		286D56771B454774001D8905 /* Images.xcassets */ = {isa = PBXFileReference; lastKnownFileType = folder.assetcatalog; path = Images.xcassets; sourceTree = "<group>"; };
		286D567A1B454774001D8905 /* Base */ = {isa = PBXFileReference; lastKnownFileType = file.xib; name = Base; path = Base.lproj/LaunchScreen.xib; sourceTree = "<group>"; };
		286D56801B454775001D8905 /* SportEventsTests.xctest */ = {isa = PBXFileReference; explicitFileType = wrapper.cfbundle; includeInIndex = 0; path = SportEventsTests.xctest; sourceTree = BUILT_PRODUCTS_DIR; };
		286D56851B454775001D8905 /* Info.plist */ = {isa = PBXFileReference; lastKnownFileType = text.plist.xml; path = Info.plist; sourceTree = "<group>"; };
		286D56861B454775001D8905 /* SportEventsTests.m */ = {isa = PBXFileReference; lastKnownFileType = sourcecode.c.objc; path = SportEventsTests.m; sourceTree = "<group>"; };
		288F4C461B495E0C009E17A6 /* LeagueViewController.h */ = {isa = PBXFileReference; fileEncoding = 4; lastKnownFileType = sourcecode.c.h; path = LeagueViewController.h; sourceTree = "<group>"; };
		288F4C471B495E0C009E17A6 /* LeagueViewController.m */ = {isa = PBXFileReference; fileEncoding = 4; lastKnownFileType = sourcecode.c.objc; path = LeagueViewController.m; sourceTree = "<group>"; };
		288F4C4C1B495E4D009E17A6 /* LeagueCell.h */ = {isa = PBXFileReference; fileEncoding = 4; lastKnownFileType = sourcecode.c.h; path = LeagueCell.h; sourceTree = "<group>"; };
		288F4C4D1B495E4D009E17A6 /* LeagueCell.m */ = {isa = PBXFileReference; fileEncoding = 4; lastKnownFileType = sourcecode.c.objc; path = LeagueCell.m; sourceTree = "<group>"; };
		289115641B45BA07000F0954 /* TFHpple.h */ = {isa = PBXFileReference; fileEncoding = 4; lastKnownFileType = sourcecode.c.h; path = TFHpple.h; sourceTree = "<group>"; };
		289115651B45BA07000F0954 /* TFHpple.m */ = {isa = PBXFileReference; fileEncoding = 4; lastKnownFileType = sourcecode.c.objc; path = TFHpple.m; sourceTree = "<group>"; };
		289115661B45BA07000F0954 /* TFHppleElement.h */ = {isa = PBXFileReference; fileEncoding = 4; lastKnownFileType = sourcecode.c.h; path = TFHppleElement.h; sourceTree = "<group>"; };
		289115671B45BA07000F0954 /* TFHppleElement.m */ = {isa = PBXFileReference; fileEncoding = 4; lastKnownFileType = sourcecode.c.objc; path = TFHppleElement.m; sourceTree = "<group>"; };
		289115681B45BA07000F0954 /* XPathQuery.h */ = {isa = PBXFileReference; fileEncoding = 4; lastKnownFileType = sourcecode.c.h; path = XPathQuery.h; sourceTree = "<group>"; };
		289115691B45BA07000F0954 /* XPathQuery.m */ = {isa = PBXFileReference; fileEncoding = 4; lastKnownFileType = sourcecode.c.objc; path = XPathQuery.m; sourceTree = "<group>"; };
		2891156D1B45BA23000F0954 /* libxml2.dylib */ = {isa = PBXFileReference; lastKnownFileType = "compiled.mach-o.dylib"; name = libxml2.dylib; path = usr/lib/libxml2.dylib; sourceTree = SDKROOT; };
		289115731B46EA32000F0954 /* WorkWithData.h */ = {isa = PBXFileReference; fileEncoding = 4; lastKnownFileType = sourcecode.c.h; path = WorkWithData.h; sourceTree = "<group>"; };
		289115741B46EA32000F0954 /* WorkWithData.m */ = {isa = PBXFileReference; fileEncoding = 4; lastKnownFileType = sourcecode.c.objc; path = WorkWithData.m; sourceTree = "<group>"; };
		28BD0C751B4DA30A009B44DE /* HeaderLeague.h */ = {isa = PBXFileReference; fileEncoding = 4; lastKnownFileType = sourcecode.c.h; path = HeaderLeague.h; sourceTree = "<group>"; };
		28BD0C761B4DA30A009B44DE /* HeaderLeague.m */ = {isa = PBXFileReference; fileEncoding = 4; lastKnownFileType = sourcecode.c.objc; path = HeaderLeague.m; sourceTree = "<group>"; };
		28BD0C791B4DAB43009B44DE /* concacaf.png */ = {isa = PBXFileReference; lastKnownFileType = image.png; path = concacaf.png; sourceTree = "<group>"; };
		28CF43EC1B56BC9300E0AE93 /* ucl.png */ = {isa = PBXFileReference; lastKnownFileType = image.png; path = ucl.png; sourceTree = "<group>"; };
		28CF43EE1B56BD4F00E0AE93 /* brazil2.png */ = {isa = PBXFileReference; lastKnownFileType = image.png; path = brazil2.png; sourceTree = "<group>"; };
		28CF43EF1B56BD4F00E0AE93 /* japan.png */ = {isa = PBXFileReference; lastKnownFileType = image.png; path = japan.png; sourceTree = "<group>"; };
		28CF43F01B56BD4F00E0AE93 /* libertad.png */ = {isa = PBXFileReference; lastKnownFileType = image.png; path = libertad.png; sourceTree = "<group>"; };
		28CF43F41B56C2B800E0AE93 /* china.png */ = {isa = PBXFileReference; lastKnownFileType = image.png; path = china.png; sourceTree = "<group>"; };
		28CF43F51B56C2B800E0AE93 /* egypt.png */ = {isa = PBXFileReference; lastKnownFileType = image.png; path = egypt.png; sourceTree = "<group>"; };
		28CF43F71B56C2B800E0AE93 /* thailand.jpg */ = {isa = PBXFileReference; lastKnownFileType = image.jpeg; path = thailand.jpg; sourceTree = "<group>"; };
		28CF43FE1B56C44500E0AE93 /* 1div.png */ = {isa = PBXFileReference; lastKnownFileType = image.png; path = 1div.png; sourceTree = "<group>"; };
		28CF44001B56C8A100E0AE93 /* ruscup.png */ = {isa = PBXFileReference; lastKnownFileType = image.png; path = ruscup.png; sourceTree = "<group>"; };
		28CF44021B56C95100E0AE93 /* peru.png */ = {isa = PBXFileReference; lastKnownFileType = image.png; path = peru.png; sourceTree = "<group>"; };
/* End PBXFileReference section */

/* Begin PBXFrameworksBuildPhase section */
		286D56611B454774001D8905 /* Frameworks */ = {
			isa = PBXFrameworksBuildPhase;
			buildActionMask = 2147483647;
			files = (
				2891156E1B45BA23000F0954 /* libxml2.dylib in Frameworks */,
			);
			runOnlyForDeploymentPostprocessing = 0;
		};
		286D567D1B454775001D8905 /* Frameworks */ = {
			isa = PBXFrameworksBuildPhase;
			buildActionMask = 2147483647;
			files = (
			);
			runOnlyForDeploymentPostprocessing = 0;
		};
/* End PBXFrameworksBuildPhase section */

/* Begin PBXGroup section */
		286D565B1B454774001D8905 = {
			isa = PBXGroup;
			children = (
				2891156D1B45BA23000F0954 /* libxml2.dylib */,
				286D56661B454774001D8905 /* SportEvents */,
				286D56831B454775001D8905 /* SportEventsTests */,
				286D56651B454774001D8905 /* Products */,
			);
			sourceTree = "<group>";
		};
		286D56651B454774001D8905 /* Products */ = {
			isa = PBXGroup;
			children = (
				286D56641B454774001D8905 /* SportEvents.app */,
				286D56801B454775001D8905 /* SportEventsTests.xctest */,
			);
			name = Products;
			sourceTree = "<group>";
		};
		286D56661B454774001D8905 /* SportEvents */ = {
			isa = PBXGroup;
			children = (
				28BD0C781B4DAA9D009B44DE /* images */,
				288F4C221B4955BE009E17A6 /* TestViews */,
				289115721B46E939000F0954 /* Data */,
				289115631B45B9D2000F0954 /* hpple */,
				289115591B45B869000F0954 /* Matchs Stats */,
				286D566B1B454774001D8905 /* AppDelegate.h */,
				286D566C1B454774001D8905 /* AppDelegate.m */,
				286D56711B454774001D8905 /* ViewController.h */,
				286D56721B454774001D8905 /* ViewController.m */,
				286D56741B454774001D8905 /* Main.storyboard */,
				286D56771B454774001D8905 /* Images.xcassets */,
				286D56791B454774001D8905 /* LaunchScreen.xib */,
				286D566E1B454774001D8905 /* SportEvents.xcdatamodeld */,
				286D56671B454774001D8905 /* Supporting Files */,
			);
			path = SportEvents;
			sourceTree = "<group>";
		};
		286D56671B454774001D8905 /* Supporting Files */ = {
			isa = PBXGroup;
			children = (
				286D56681B454774001D8905 /* Info.plist */,
				286D56691B454774001D8905 /* main.m */,
			);
			name = "Supporting Files";
			sourceTree = "<group>";
		};
		286D56831B454775001D8905 /* SportEventsTests */ = {
			isa = PBXGroup;
			children = (
				286D56861B454775001D8905 /* SportEventsTests.m */,
				286D56841B454775001D8905 /* Supporting Files */,
			);
			path = SportEventsTests;
			sourceTree = "<group>";
		};
		286D56841B454775001D8905 /* Supporting Files */ = {
			isa = PBXGroup;
			children = (
				286D56851B454775001D8905 /* Info.plist */,
			);
			name = "Supporting Files";
			sourceTree = "<group>";
		};
		288F4C221B4955BE009E17A6 /* TestViews */ = {
			isa = PBXGroup;
			children = (
			);
			name = TestViews;
			sourceTree = "<group>";
		};
		288F4C441B495D7C009E17A6 /* League */ = {
			isa = PBXGroup;
			children = (
				288F4C461B495E0C009E17A6 /* LeagueViewController.h */,
				288F4C471B495E0C009E17A6 /* LeagueViewController.m */,
				288F4C4C1B495E4D009E17A6 /* LeagueCell.h */,
				288F4C4D1B495E4D009E17A6 /* LeagueCell.m */,
				28BD0C751B4DA30A009B44DE /* HeaderLeague.h */,
				28BD0C761B4DA30A009B44DE /* HeaderLeague.m */,
			);
			name = League;
			sourceTree = "<group>";
		};
		289115591B45B869000F0954 /* Matchs Stats */ = {
			isa = PBXGroup;
			children = (
				288F4C441B495D7C009E17A6 /* League */,
			);
			name = "Matchs Stats";
			path = ..;
			sourceTree = "<group>";
		};
		289115631B45B9D2000F0954 /* hpple */ = {
			isa = PBXGroup;
			children = (
				289115641B45BA07000F0954 /* TFHpple.h */,
				289115651B45BA07000F0954 /* TFHpple.m */,
				289115661B45BA07000F0954 /* TFHppleElement.h */,
				289115671B45BA07000F0954 /* TFHppleElement.m */,
				289115681B45BA07000F0954 /* XPathQuery.h */,
				289115691B45BA07000F0954 /* XPathQuery.m */,
			);
			name = hpple;
			sourceTree = "<group>";
		};
		289115721B46E939000F0954 /* Data */ = {
			isa = PBXGroup;
			children = (
				289115731B46EA32000F0954 /* WorkWithData.h */,
				289115741B46EA32000F0954 /* WorkWithData.m */,
			);
			name = Data;
			sourceTree = "<group>";
		};
		28BD0C781B4DAA9D009B44DE /* images */ = {
			isa = PBXGroup;
			children = (
				28BD0C791B4DAB43009B44DE /* concacaf.png */,
				28CF43EC1B56BC9300E0AE93 /* ucl.png */,
				28CF43EE1B56BD4F00E0AE93 /* brazil2.png */,
				28CF43EF1B56BD4F00E0AE93 /* japan.png */,
				28CF43F01B56BD4F00E0AE93 /* libertad.png */,
				28CF43F41B56C2B800E0AE93 /* china.png */,
				28CF43F51B56C2B800E0AE93 /* egypt.png */,
				28CF43F71B56C2B800E0AE93 /* thailand.jpg */,
				28CF43FE1B56C44500E0AE93 /* 1div.png */,
				28CF44001B56C8A100E0AE93 /* ruscup.png */,
				28CF44021B56C95100E0AE93 /* peru.png */,
			);
			name = images;
			sourceTree = "<group>";
		};
/* End PBXGroup section */

/* Begin PBXNativeTarget section */
		286D56631B454774001D8905 /* SportEvents */ = {
			isa = PBXNativeTarget;
			buildConfigurationList = 286D568A1B454775001D8905 /* Build configuration list for PBXNativeTarget "SportEvents" */;
			buildPhases = (
				286D56601B454774001D8905 /* Sources */,
				286D56611B454774001D8905 /* Frameworks */,
				286D56621B454774001D8905 /* Resources */,
			);
			buildRules = (
			);
			dependencies = (
			);
			name = SportEvents;
			productName = SportEvents;
			productReference = 286D56641B454774001D8905 /* SportEvents.app */;
			productType = "com.apple.product-type.application";
		};
		286D567F1B454775001D8905 /* SportEventsTests */ = {
			isa = PBXNativeTarget;
			buildConfigurationList = 286D568D1B454775001D8905 /* Build configuration list for PBXNativeTarget "SportEventsTests" */;
			buildPhases = (
				286D567C1B454775001D8905 /* Sources */,
				286D567D1B454775001D8905 /* Frameworks */,
				286D567E1B454775001D8905 /* Resources */,
			);
			buildRules = (
			);
			dependencies = (
				286D56821B454775001D8905 /* PBXTargetDependency */,
			);
			name = SportEventsTests;
			productName = SportEventsTests;
			productReference = 286D56801B454775001D8905 /* SportEventsTests.xctest */;
			productType = "com.apple.product-type.bundle.unit-test";
		};
/* End PBXNativeTarget section */

/* Begin PBXProject section */
		286D565C1B454774001D8905 /* Project object */ = {
			isa = PBXProject;
			attributes = {
				LastUpgradeCheck = 0630;
				ORGANIZATIONNAME = "Lavskiy Peter";
				TargetAttributes = {
					286D56631B454774001D8905 = {
						CreatedOnToolsVersion = 6.3.2;
						DevelopmentTeam = LBJ9NDT97R;
					};
					286D567F1B454775001D8905 = {
						CreatedOnToolsVersion = 6.3.2;
						TestTargetID = 286D56631B454774001D8905;
					};
				};
			};
			buildConfigurationList = 286D565F1B454774001D8905 /* Build configuration list for PBXProject "SportEvents" */;
			compatibilityVersion = "Xcode 3.2";
			developmentRegion = English;
			hasScannedForEncodings = 0;
			knownRegions = (
				en,
				Base,
			);
			mainGroup = 286D565B1B454774001D8905;
			productRefGroup = 286D56651B454774001D8905 /* Products */;
			projectDirPath = "";
			projectRoot = "";
			targets = (
				286D56631B454774001D8905 /* SportEvents */,
				286D567F1B454775001D8905 /* SportEventsTests */,
			);
		};
/* End PBXProject section */

/* Begin PBXResourcesBuildPhase section */
		286D56621B454774001D8905 /* Resources */ = {
			isa = PBXResourcesBuildPhase;
			buildActionMask = 2147483647;
			files = (
				28CF43F81B56C2B800E0AE93 /* china.png in Resources */,
				286D56761B454774001D8905 /* Main.storyboard in Resources */,
				28CF44011B56C8A100E0AE93 /* ruscup.png in Resources */,
				28BD0C7A1B4DAB43009B44DE /* concacaf.png in Resources */,
				28CF43FB1B56C2B800E0AE93 /* thailand.jpg in Resources */,
				28CF43F21B56BD4F00E0AE93 /* japan.png in Resources */,
				28CF43ED1B56BC9300E0AE93 /* ucl.png in Resources */,
				28CF43F11B56BD4F00E0AE93 /* brazil2.png in Resources */,
				286D567B1B454774001D8905 /* LaunchScreen.xib in Resources */,
				28CF44031B56C95100E0AE93 /* peru.png in Resources */,
				28CF43F91B56C2B800E0AE93 /* egypt.png in Resources */,
				28CF43F31B56BD4F00E0AE93 /* libertad.png in Resources */,
				286D56781B454774001D8905 /* Images.xcassets in Resources */,
				28CF43FF1B56C44500E0AE93 /* 1div.png in Resources */,
			);
			runOnlyForDeploymentPostprocessing = 0;
		};
		286D567E1B454775001D8905 /* Resources */ = {
			isa = PBXResourcesBuildPhase;
			buildActionMask = 2147483647;
			files = (
			);
			runOnlyForDeploymentPostprocessing = 0;
		};
/* End PBXResourcesBuildPhase section */

/* Begin PBXSourcesBuildPhase section */
		286D56601B454774001D8905 /* Sources */ = {
			isa = PBXSourcesBuildPhase;
			buildActionMask = 2147483647;
			files = (
				289115751B46EA32000F0954 /* WorkWithData.m in Sources */,
				2891156B1B45BA07000F0954 /* TFHppleElement.m in Sources */,
				288F4C481B495E0C009E17A6 /* LeagueViewController.m in Sources */,
				288F4C4E1B495E4D009E17A6 /* LeagueCell.m in Sources */,
				286D566D1B454774001D8905 /* AppDelegate.m in Sources */,
				286D56701B454774001D8905 /* SportEvents.xcdatamodeld in Sources */,
				2891156C1B45BA07000F0954 /* XPathQuery.m in Sources */,
				2891156A1B45BA07000F0954 /* TFHpple.m in Sources */,
				286D56731B454774001D8905 /* ViewController.m in Sources */,
				286D566A1B454774001D8905 /* main.m in Sources */,
				28BD0C771B4DA30A009B44DE /* HeaderLeague.m in Sources */,
			);
			runOnlyForDeploymentPostprocessing = 0;
		};
		286D567C1B454775001D8905 /* Sources */ = {
			isa = PBXSourcesBuildPhase;
			buildActionMask = 2147483647;
			files = (
				286D56871B454775001D8905 /* SportEventsTests.m in Sources */,
			);
			runOnlyForDeploymentPostprocessing = 0;
		};
/* End PBXSourcesBuildPhase section */

/* Begin PBXTargetDependency section */
		286D56821B454775001D8905 /* PBXTargetDependency */ = {
			isa = PBXTargetDependency;
			target = 286D56631B454774001D8905 /* SportEvents */;
			targetProxy = 286D56811B454775001D8905 /* PBXContainerItemProxy */;
		};
/* End PBXTargetDependency section */

/* Begin PBXVariantGroup section */
		286D56741B454774001D8905 /* Main.storyboard */ = {
			isa = PBXVariantGroup;
			children = (
				286D56751B454774001D8905 /* Base */,
			);
			name = Main.storyboard;
			sourceTree = "<group>";
		};
		286D56791B454774001D8905 /* LaunchScreen.xib */ = {
			isa = PBXVariantGroup;
			children = (
				286D567A1B454774001D8905 /* Base */,
			);
			name = LaunchScreen.xib;
			sourceTree = "<group>";
		};
/* End PBXVariantGroup section */

/* Begin XCBuildConfiguration section */
		286D56881B454775001D8905 /* Debug */ = {
			isa = XCBuildConfiguration;
			buildSettings = {
				ALWAYS_SEARCH_USER_PATHS = NO;
				CLANG_CXX_LANGUAGE_STANDARD = "gnu++0x";
				CLANG_CXX_LIBRARY = "libc++";
				CLANG_ENABLE_MODULES = YES;
				CLANG_ENABLE_OBJC_ARC = YES;
				CLANG_WARN_BOOL_CONVERSION = YES;
				CLANG_WARN_CONSTANT_CONVERSION = YES;
				CLANG_WARN_DIRECT_OBJC_ISA_USAGE = YES_ERROR;
				CLANG_WARN_EMPTY_BODY = YES;
				CLANG_WARN_ENUM_CONVERSION = YES;
				CLANG_WARN_INT_CONVERSION = YES;
				CLANG_WARN_OBJC_ROOT_CLASS = YES_ERROR;
				CLANG_WARN_UNREACHABLE_CODE = YES;
				CLANG_WARN__DUPLICATE_METHOD_MATCH = YES;
				"CODE_SIGN_IDENTITY[sdk=iphoneos*]" = "iPhone Developer";
				COPY_PHASE_STRIP = NO;
				DEBUG_INFORMATION_FORMAT = "dwarf-with-dsym";
				ENABLE_STRICT_OBJC_MSGSEND = YES;
				GCC_C_LANGUAGE_STANDARD = gnu99;
				GCC_DYNAMIC_NO_PIC = NO;
				GCC_NO_COMMON_BLOCKS = YES;
				GCC_OPTIMIZATION_LEVEL = 0;
				GCC_PREPROCESSOR_DEFINITIONS = (
					"DEBUG=1",
					"$(inherited)",
				);
				GCC_SYMBOLS_PRIVATE_EXTERN = NO;
				GCC_WARN_64_TO_32_BIT_CONVERSION = YES;
				GCC_WARN_ABOUT_RETURN_TYPE = YES_ERROR;
				GCC_WARN_UNDECLARED_SELECTOR = YES;
				GCC_WARN_UNINITIALIZED_AUTOS = YES_AGGRESSIVE;
				GCC_WARN_UNUSED_FUNCTION = YES;
				GCC_WARN_UNUSED_VARIABLE = YES;
				IPHONEOS_DEPLOYMENT_TARGET = 8.3;
				MTL_ENABLE_DEBUG_INFO = YES;
				ONLY_ACTIVE_ARCH = YES;
				SDKROOT = iphoneos;
			};
			name = Debug;
		};
		286D56891B454775001D8905 /* Release */ = {
			isa = XCBuildConfiguration;
			buildSettings = {
				ALWAYS_SEARCH_USER_PATHS = NO;
				CLANG_CXX_LANGUAGE_STANDARD = "gnu++0x";
				CLANG_CXX_LIBRARY = "libc++";
				CLANG_ENABLE_MODULES = YES;
				CLANG_ENABLE_OBJC_ARC = YES;
				CLANG_WARN_BOOL_CONVERSION = YES;
				CLANG_WARN_CONSTANT_CONVERSION = YES;
				CLANG_WARN_DIRECT_OBJC_ISA_USAGE = YES_ERROR;
				CLANG_WARN_EMPTY_BODY = YES;
				CLANG_WARN_ENUM_CONVERSION = YES;
				CLANG_WARN_INT_CONVERSION = YES;
				CLANG_WARN_OBJC_ROOT_CLASS = YES_ERROR;
				CLANG_WARN_UNREACHABLE_CODE = YES;
				CLANG_WARN__DUPLICATE_METHOD_MATCH = YES;
				"CODE_SIGN_IDENTITY[sdk=iphoneos*]" = "iPhone Developer";
				COPY_PHASE_STRIP = NO;
				DEBUG_INFORMATION_FORMAT = "dwarf-with-dsym";
				ENABLE_NS_ASSERTIONS = NO;
				ENABLE_STRICT_OBJC_MSGSEND = YES;
				GCC_C_LANGUAGE_STANDARD = gnu99;
				GCC_NO_COMMON_BLOCKS = YES;
				GCC_WARN_64_TO_32_BIT_CONVERSION = YES;
				GCC_WARN_ABOUT_RETURN_TYPE = YES_ERROR;
				GCC_WARN_UNDECLARED_SELECTOR = YES;
				GCC_WARN_UNINITIALIZED_AUTOS = YES_AGGRESSIVE;
				GCC_WARN_UNUSED_FUNCTION = YES;
				GCC_WARN_UNUSED_VARIABLE = YES;
				IPHONEOS_DEPLOYMENT_TARGET = 8.3;
				MTL_ENABLE_DEBUG_INFO = NO;
				SDKROOT = iphoneos;
				VALIDATE_PRODUCT = YES;
			};
			name = Release;
		};
		286D568B1B454775001D8905 /* Debug */ = {
			isa = XCBuildConfiguration;
			buildSettings = {
				ASSETCATALOG_COMPILER_APPICON_NAME = AppIcon;
				CODE_SIGN_IDENTITY = "iPhone Developer";
				"CODE_SIGN_IDENTITY[sdk=iphoneos*]" = "iPhone Developer";
				HEADER_SEARCH_PATHS = (
					"$(inherited)",
					"$(SDKROOT)/usr/include/libxml2",
				);
				INFOPLIST_FILE = SportEvents/Info.plist;
				LD_RUNPATH_SEARCH_PATHS = "$(inherited) @executable_path/Frameworks";
				PRODUCT_NAME = "$(TARGET_NAME)";
				PROVISIONING_PROFILE = "";
				TARGETED_DEVICE_FAMILY = 1;
				USER_HEADER_SEARCH_PATHS = "";
			};
			name = Debug;
		};
		286D568C1B454775001D8905 /* Release */ = {
			isa = XCBuildConfiguration;
			buildSettings = {
				ASSETCATALOG_COMPILER_APPICON_NAME = AppIcon;
				CODE_SIGN_IDENTITY = "iPhone Developer";
				"CODE_SIGN_IDENTITY[sdk=iphoneos*]" = "iPhone Developer";
				HEADER_SEARCH_PATHS = (
					"$(inherited)",
					"$(SDKROOT)/usr/include/libxml2",
				);
				INFOPLIST_FILE = SportEvents/Info.plist;
				LD_RUNPATH_SEARCH_PATHS = "$(inherited) @executable_path/Frameworks";
				PRODUCT_NAME = "$(TARGET_NAME)";
				PROVISIONING_PROFILE = "";
				TARGETED_DEVICE_FAMILY = 1;
				USER_HEADER_SEARCH_PATHS = "";
			};
			name = Release;
		};
		286D568E1B454775001D8905 /* Debug */ = {
			isa = XCBuildConfiguration;
			buildSettings = {
				BUNDLE_LOADER = "$(TEST_HOST)";
				FRAMEWORK_SEARCH_PATHS = (
					"$(SDKROOT)/Developer/Library/Frameworks",
					"$(inherited)",
				);
				GCC_PREPROCESSOR_DEFINITIONS = (
					"DEBUG=1",
					"$(inherited)",
				);
				INFOPLIST_FILE = SportEventsTests/Info.plist;
				LD_RUNPATH_SEARCH_PATHS = "$(inherited) @executable_path/Frameworks @loader_path/Frameworks";
				PRODUCT_NAME = "$(TARGET_NAME)";
				TEST_HOST = "$(BUILT_PRODUCTS_DIR)/SportEvents.app/SportEvents";
			};
			name = Debug;
		};
		286D568F1B454775001D8905 /* Release */ = {
			isa = XCBuildConfiguration;
			buildSettings = {
				BUNDLE_LOADER = "$(TEST_HOST)";
				FRAMEWORK_SEARCH_PATHS = (
					"$(SDKROOT)/Developer/Library/Frameworks",
					"$(inherited)",
				);
				INFOPLIST_FILE = SportEventsTests/Info.plist;
				LD_RUNPATH_SEARCH_PATHS = "$(inherited) @executable_path/Frameworks @loader_path/Frameworks";
				PRODUCT_NAME = "$(TARGET_NAME)";
				TEST_HOST = "$(BUILT_PRODUCTS_DIR)/SportEvents.app/SportEvents";
			};
			name = Release;
		};
/* End XCBuildConfiguration section */

/* Begin XCConfigurationList section */
		286D565F1B454774001D8905 /* Build configuration list for PBXProject "SportEvents" */ = {
			isa = XCConfigurationList;
			buildConfigurations = (
				286D56881B454775001D8905 /* Debug */,
				286D56891B454775001D8905 /* Release */,
			);
			defaultConfigurationIsVisible = 0;
			defaultConfigurationName = Release;
		};
		286D568A1B454775001D8905 /* Build configuration list for PBXNativeTarget "SportEvents" */ = {
			isa = XCConfigurationList;
			buildConfigurations = (
				286D568B1B454775001D8905 /* Debug */,
				286D568C1B454775001D8905 /* Release */,
			);
			defaultConfigurationIsVisible = 0;
			defaultConfigurationName = Release;
		};
		286D568D1B454775001D8905 /* Build configuration list for PBXNativeTarget "SportEventsTests" */ = {
			isa = XCConfigurationList;
			buildConfigurations = (
				286D568E1B454775001D8905 /* Debug */,
				286D568F1B454775001D8905 /* Release */,
			);
			defaultConfigurationIsVisible = 0;
			defaultConfigurationName = Release;
		};
/* End XCConfigurationList section */

/* Begin XCVersionGroup section */
		286D566E1B454774001D8905 /* SportEvents.xcdatamodeld */ = {
			isa = XCVersionGroup;
			children = (
				286D566F1B454774001D8905 /* SportEvents.xcdatamodel */,
			);
			currentVersion = 286D566F1B454774001D8905 /* SportEvents.xcdatamodel */;
			path = SportEvents.xcdatamodeld;
			sourceTree = "<group>";
			versionGroupType = wrapper.xcdatamodel;
		};
/* End XCVersionGroup section */
	};
	rootObject = 286D565C1B454774001D8905 /* Project object */;
}
